
Microsoft Visual Studio Solution File, Format Version 12.00
# Visual Studio 15
VisualStudioVersion = 15.0.28010.2046
MinimumVisualStudioVersion = 10.0.40219.1
Project("{FAE04EC0-301F-11D3-BF4B-00C04F79EFBC}") = "pacman09", "pacman09\pacman09.csproj", "{35FEC5E7-3C9F-401D-9D7B-CC0EAB12E6FA}"
EndProject
Global
	GlobalSection(SolutionConfigurationPlatforms) = preSolution
		Debug|Any CPU = Debug|Any CPU
		Release|Any CPU = Release|Any CPU
	EndGlobalSection
	GlobalSection(ProjectConfigurationPlatforms) = postSolution
		{35FEC5E7-3C9F-401D-9D7B-CC0EAB12E6FA}.Debug|Any CPU.ActiveCfg = Debug|Any CPU
		{35FEC5E7-3C9F-401D-9D7B-CC0EAB12E6FA}.Debug|Any CPU.Build.0 = Debug|Any CPU
		{35FEC5E7-3C9F-401D-9D7B-CC0EAB12E6FA}.Release|Any CPU.ActiveCfg = Release|Any CPU
		{35FEC5E7-3C9F-401D-9D7B-CC0EAB12E6FA}.Release|Any CPU.Build.0 = Release|Any CPU
	EndGlobalSection
	GlobalSection(SolutionProperties) = preSolution
		HideSolutionNode = FALSE
	EndGlobalSection
	GlobalSection(ExtensibilityGlobals) = postSolution
		SolutionGuid = {B87E0B8C-937D-4484-A238-D53A8EED0CA0}
	EndGlobalSection
EndGlobal
